// !$*UTF8*$!
{
	archiveVersion = 1;
	classes = {
	};
	objectVersion = 50;
	objects = {

/* Begin PBXBuildFile section */
		177BCE68233B077A00CE37C0 /* Pair.swift in Sources */ = {isa = PBXBuildFile; fileRef = 177BCE67233B077A00CE37C0 /* Pair.swift */; };
		178F6E0822DEC0AF0051FB24 /* Money.swift in Sources */ = {isa = PBXBuildFile; fileRef = 178F6E0722DEC0AF0051FB24 /* Money.swift */; };
		1791C3032331CBF800425BF8 /* Sum.swift in Sources */ = {isa = PBXBuildFile; fileRef = 1791C3022331CBF800425BF8 /* Sum.swift */; };
		17AFAA6122C323E7009280AB /* AppDelegate.swift in Sources */ = {isa = PBXBuildFile; fileRef = 17AFAA6022C323E7009280AB /* AppDelegate.swift */; };
		17AFAA6322C323E7009280AB /* ViewController.swift in Sources */ = {isa = PBXBuildFile; fileRef = 17AFAA6222C323E7009280AB /* ViewController.swift */; };
		17AFAA6622C323E7009280AB /* Main.storyboard in Resources */ = {isa = PBXBuildFile; fileRef = 17AFAA6422C323E7009280AB /* Main.storyboard */; };
		17AFAA6822C323E8009280AB /* Assets.xcassets in Resources */ = {isa = PBXBuildFile; fileRef = 17AFAA6722C323E8009280AB /* Assets.xcassets */; };
		17AFAA6B22C323E8009280AB /* LaunchScreen.storyboard in Resources */ = {isa = PBXBuildFile; fileRef = 17AFAA6922C323E8009280AB /* LaunchScreen.storyboard */; };
		17AFAA7622C323E8009280AB /* TDD_SwiftTests.swift in Sources */ = {isa = PBXBuildFile; fileRef = 17AFAA7522C323E8009280AB /* TDD_SwiftTests.swift */; };
		17AFAA8122C323E8009280AB /* TDD_SwiftUITests.swift in Sources */ = {isa = PBXBuildFile; fileRef = 17AFAA8022C323E8009280AB /* TDD_SwiftUITests.swift */; };
		17EB3D0D231F583600F8AB30 /* Expression.swift in Sources */ = {isa = PBXBuildFile; fileRef = 17EB3D0C231F583600F8AB30 /* Expression.swift */; };
		17EB3D0F231F58B100F8AB30 /* Bank.swift in Sources */ = {isa = PBXBuildFile; fileRef = 17EB3D0E231F58B100F8AB30 /* Bank.swift */; };
/* End PBXBuildFile section */

/* Begin PBXContainerItemProxy section */
		17AFAA7222C323E8009280AB /* PBXContainerItemProxy */ = {
			isa = PBXContainerItemProxy;
			containerPortal = 17AFAA5522C323E7009280AB /* Project object */;
			proxyType = 1;
			remoteGlobalIDString = 17AFAA5C22C323E7009280AB;
			remoteInfo = "TDD-Swift";
		};
		17AFAA7D22C323E8009280AB /* PBXContainerItemProxy */ = {
			isa = PBXContainerItemProxy;
			containerPortal = 17AFAA5522C323E7009280AB /* Project object */;
			proxyType = 1;
			remoteGlobalIDString = 17AFAA5C22C323E7009280AB;
			remoteInfo = "TDD-Swift";
		};
/* End PBXContainerItemProxy section */

/* Begin PBXFileReference section */
		1704428D234D7E1A00C83851 /* README.md */ = {isa = PBXFileReference; lastKnownFileType = net.daringfireball.markdown; path = README.md; sourceTree = SOURCE_ROOT; };
		177BCE67233B077A00CE37C0 /* Pair.swift */ = {isa = PBXFileReference; lastKnownFileType = sourcecode.swift; path = Pair.swift; sourceTree = "<group>"; };
		178F6E0722DEC0AF0051FB24 /* Money.swift */ = {isa = PBXFileReference; lastKnownFileType = sourcecode.swift; path = Money.swift; sourceTree = "<group>"; };
		1791C3022331CBF800425BF8 /* Sum.swift */ = {isa = PBXFileReference; lastKnownFileType = sourcecode.swift; path = Sum.swift; sourceTree = "<group>"; };
		17AFAA5D22C323E7009280AB /* TDD-Swift.app */ = {isa = PBXFileReference; explicitFileType = wrapper.application; includeInIndex = 0; path = "TDD-Swift.app"; sourceTree = BUILT_PRODUCTS_DIR; };
		17AFAA6022C323E7009280AB /* AppDelegate.swift */ = {isa = PBXFileReference; lastKnownFileType = sourcecode.swift; path = AppDelegate.swift; sourceTree = "<group>"; };
		17AFAA6222C323E7009280AB /* ViewController.swift */ = {isa = PBXFileReference; lastKnownFileType = sourcecode.swift; path = ViewController.swift; sourceTree = "<group>"; };
		17AFAA6522C323E7009280AB /* Base */ = {isa = PBXFileReference; lastKnownFileType = file.storyboard; name = Base; path = Base.lproj/Main.storyboard; sourceTree = "<group>"; };
		17AFAA6722C323E8009280AB /* Assets.xcassets */ = {isa = PBXFileReference; lastKnownFileType = folder.assetcatalog; path = Assets.xcassets; sourceTree = "<group>"; };
		17AFAA6A22C323E8009280AB /* Base */ = {isa = PBXFileReference; lastKnownFileType = file.storyboard; name = Base; path = Base.lproj/LaunchScreen.storyboard; sourceTree = "<group>"; };
		17AFAA6C22C323E8009280AB /* Info.plist */ = {isa = PBXFileReference; lastKnownFileType = text.plist.xml; path = Info.plist; sourceTree = "<group>"; };
		17AFAA7122C323E8009280AB /* TDD-SwiftTests.xctest */ = {isa = PBXFileReference; explicitFileType = wrapper.cfbundle; includeInIndex = 0; path = "TDD-SwiftTests.xctest"; sourceTree = BUILT_PRODUCTS_DIR; };
		17AFAA7522C323E8009280AB /* TDD_SwiftTests.swift */ = {isa = PBXFileReference; lastKnownFileType = sourcecode.swift; path = TDD_SwiftTests.swift; sourceTree = "<group>"; };
		17AFAA7722C323E8009280AB /* Info.plist */ = {isa = PBXFileReference; lastKnownFileType = text.plist.xml; path = Info.plist; sourceTree = "<group>"; };
		17AFAA7C22C323E8009280AB /* TDD-SwiftUITests.xctest */ = {isa = PBXFileReference; explicitFileType = wrapper.cfbundle; includeInIndex = 0; path = "TDD-SwiftUITests.xctest"; sourceTree = BUILT_PRODUCTS_DIR; };
		17AFAA8022C323E8009280AB /* TDD_SwiftUITests.swift */ = {isa = PBXFileReference; lastKnownFileType = sourcecode.swift; path = TDD_SwiftUITests.swift; sourceTree = "<group>"; };
		17AFAA8222C323E8009280AB /* Info.plist */ = {isa = PBXFileReference; lastKnownFileType = text.plist.xml; path = Info.plist; sourceTree = "<group>"; };
		17EB3D0C231F583600F8AB30 /* Expression.swift */ = {isa = PBXFileReference; lastKnownFileType = sourcecode.swift; path = Expression.swift; sourceTree = "<group>"; };
		17EB3D0E231F58B100F8AB30 /* Bank.swift */ = {isa = PBXFileReference; lastKnownFileType = sourcecode.swift; path = Bank.swift; sourceTree = "<group>"; };
/* End PBXFileReference section */

/* Begin PBXFrameworksBuildPhase section */
		17AFAA5A22C323E7009280AB /* Frameworks */ = {
			isa = PBXFrameworksBuildPhase;
			buildActionMask = 2147483647;
			files = (
			);
			runOnlyForDeploymentPostprocessing = 0;
		};
		17AFAA6E22C323E8009280AB /* Frameworks */ = {
			isa = PBXFrameworksBuildPhase;
			buildActionMask = 2147483647;
			files = (
			);
			runOnlyForDeploymentPostprocessing = 0;
		};
		17AFAA7922C323E8009280AB /* Frameworks */ = {
			isa = PBXFrameworksBuildPhase;
			buildActionMask = 2147483647;
			files = (
			);
			runOnlyForDeploymentPostprocessing = 0;
		};
/* End PBXFrameworksBuildPhase section */

/* Begin PBXGroup section */
		17AFAA5422C323E7009280AB = {
			isa = PBXGroup;
			children = (
				17AFAA5F22C323E7009280AB /* TDD-Swift */,
				17AFAA7422C323E8009280AB /* TDD-SwiftTests */,
				17AFAA7F22C323E8009280AB /* TDD-SwiftUITests */,
				17AFAA5E22C323E7009280AB /* Products */,
			);
			sourceTree = "<group>";
		};
		17AFAA5E22C323E7009280AB /* Products */ = {
			isa = PBXGroup;
			children = (
				17AFAA5D22C323E7009280AB /* TDD-Swift.app */,
				17AFAA7122C323E8009280AB /* TDD-SwiftTests.xctest */,
				17AFAA7C22C323E8009280AB /* TDD-SwiftUITests.xctest */,
			);
			name = Products;
			sourceTree = "<group>";
		};
		17AFAA5F22C323E7009280AB /* TDD-Swift */ = {
			isa = PBXGroup;
			children = (
				17AFAA6022C323E7009280AB /* AppDelegate.swift */,
				17AFAA6222C323E7009280AB /* ViewController.swift */,
				17AFAA6422C323E7009280AB /* Main.storyboard */,
				17AFAA6722C323E8009280AB /* Assets.xcassets */,
				17AFAA6922C323E8009280AB /* LaunchScreen.storyboard */,
				17AFAA6C22C323E8009280AB /* Info.plist */,
				178F6E0722DEC0AF0051FB24 /* Money.swift */,
				17EB3D0E231F58B100F8AB30 /* Bank.swift */,
				17EB3D0C231F583600F8AB30 /* Expression.swift */,
				1791C3022331CBF800425BF8 /* Sum.swift */,
				177BCE67233B077A00CE37C0 /* Pair.swift */,
				1704428D234D7E1A00C83851 /* README.md */,
			);
			path = "TDD-Swift";
			sourceTree = "<group>";
		};
		17AFAA7422C323E8009280AB /* TDD-SwiftTests */ = {
			isa = PBXGroup;
			children = (
				17AFAA7522C323E8009280AB /* TDD_SwiftTests.swift */,
				17AFAA7722C323E8009280AB /* Info.plist */,
			);
			path = "TDD-SwiftTests";
			sourceTree = "<group>";
		};
		17AFAA7F22C323E8009280AB /* TDD-SwiftUITests */ = {
			isa = PBXGroup;
			children = (
				17AFAA8022C323E8009280AB /* TDD_SwiftUITests.swift */,
				17AFAA8222C323E8009280AB /* Info.plist */,
			);
			path = "TDD-SwiftUITests";
			sourceTree = "<group>";
		};
/* End PBXGroup section */

/* Begin PBXNativeTarget section */
		17AFAA5C22C323E7009280AB /* TDD-Swift */ = {
			isa = PBXNativeTarget;
			buildConfigurationList = 17AFAA8522C323E8009280AB /* Build configuration list for PBXNativeTarget "TDD-Swift" */;
			buildPhases = (
				17AFAA5922C323E7009280AB /* Sources */,
				17AFAA5A22C323E7009280AB /* Frameworks */,
				17AFAA5B22C323E7009280AB /* Resources */,
			);
			buildRules = (
			);
			dependencies = (
			);
			name = "TDD-Swift";
			productName = "TDD-Swift";
			productReference = 17AFAA5D22C323E7009280AB /* TDD-Swift.app */;
			productType = "com.apple.product-type.application";
		};
		17AFAA7022C323E8009280AB /* TDD-SwiftTests */ = {
			isa = PBXNativeTarget;
			buildConfigurationList = 17AFAA8822C323E8009280AB /* Build configuration list for PBXNativeTarget "TDD-SwiftTests" */;
			buildPhases = (
				17AFAA6D22C323E8009280AB /* Sources */,
				17AFAA6E22C323E8009280AB /* Frameworks */,
				17AFAA6F22C323E8009280AB /* Resources */,
			);
			buildRules = (
			);
			dependencies = (
				17AFAA7322C323E8009280AB /* PBXTargetDependency */,
			);
			name = "TDD-SwiftTests";
			productName = "TDD-SwiftTests";
			productReference = 17AFAA7122C323E8009280AB /* TDD-SwiftTests.xctest */;
			productType = "com.apple.product-type.bundle.unit-test";
		};
		17AFAA7B22C323E8009280AB /* TDD-SwiftUITests */ = {
			isa = PBXNativeTarget;
			buildConfigurationList = 17AFAA8B22C323E8009280AB /* Build configuration list for PBXNativeTarget "TDD-SwiftUITests" */;
			buildPhases = (
				17AFAA7822C323E8009280AB /* Sources */,
				17AFAA7922C323E8009280AB /* Frameworks */,
				17AFAA7A22C323E8009280AB /* Resources */,
			);
			buildRules = (
			);
			dependencies = (
				17AFAA7E22C323E8009280AB /* PBXTargetDependency */,
			);
			name = "TDD-SwiftUITests";
			productName = "TDD-SwiftUITests";
			productReference = 17AFAA7C22C323E8009280AB /* TDD-SwiftUITests.xctest */;
			productType = "com.apple.product-type.bundle.ui-testing";
		};
/* End PBXNativeTarget section */

/* Begin PBXProject section */
		17AFAA5522C323E7009280AB /* Project object */ = {
			isa = PBXProject;
			attributes = {
				LastSwiftUpdateCheck = 1020;
				LastUpgradeCheck = 1020;
				ORGANIZATIONNAME = com.swiswiswift;
				TargetAttributes = {
					17AFAA5C22C323E7009280AB = {
						CreatedOnToolsVersion = 10.2.1;
					};
					17AFAA7022C323E8009280AB = {
						CreatedOnToolsVersion = 10.2.1;
						TestTargetID = 17AFAA5C22C323E7009280AB;
					};
					17AFAA7B22C323E8009280AB = {
						CreatedOnToolsVersion = 10.2.1;
						TestTargetID = 17AFAA5C22C323E7009280AB;
					};
				};
			};
			buildConfigurationList = 17AFAA5822C323E7009280AB /* Build configuration list for PBXProject "TDD-Swift" */;
			compatibilityVersion = "Xcode 9.3";
			developmentRegion = en;
			hasScannedForEncodings = 0;
			knownRegions = (
				en,
				Base,
			);
			mainGroup = 17AFAA5422C323E7009280AB;
			productRefGroup = 17AFAA5E22C323E7009280AB /* Products */;
			projectDirPath = "";
			projectRoot = "";
			targets = (
				17AFAA5C22C323E7009280AB /* TDD-Swift */,
				17AFAA7022C323E8009280AB /* TDD-SwiftTests */,
				17AFAA7B22C323E8009280AB /* TDD-SwiftUITests */,
			);
		};
/* End PBXProject section */

/* Begin PBXResourcesBuildPhase section */
		17AFAA5B22C323E7009280AB /* Resources */ = {
			isa = PBXResourcesBuildPhase;
			buildActionMask = 2147483647;
			files = (
				17AFAA6B22C323E8009280AB /* LaunchScreen.storyboard in Resources */,
				17AFAA6822C323E8009280AB /* Assets.xcassets in Resources */,
				17AFAA6622C323E7009280AB /* Main.storyboard in Resources */,
			);
			runOnlyForDeploymentPostprocessing = 0;
		};
		17AFAA6F22C323E8009280AB /* Resources */ = {
			isa = PBXResourcesBuildPhase;
			buildActionMask = 2147483647;
			files = (
			);
			runOnlyForDeploymentPostprocessing = 0;
		};
		17AFAA7A22C323E8009280AB /* Resources */ = {
			isa = PBXResourcesBuildPhase;
			buildActionMask = 2147483647;
			files = (
			);
			runOnlyForDeploymentPostprocessing = 0;
		};
/* End PBXResourcesBuildPhase section */

/* Begin PBXSourcesBuildPhase section */
		17AFAA5922C323E7009280AB /* Sources */ = {
			isa = PBXSourcesBuildPhase;
			buildActionMask = 2147483647;
			files = (
				17AFAA6322C323E7009280AB /* ViewController.swift in Sources */,
				178F6E0822DEC0AF0051FB24 /* Money.swift in Sources */,
				17EB3D0F231F58B100F8AB30 /* Bank.swift in Sources */,
				17AFAA6122C323E7009280AB /* AppDelegate.swift in Sources */,
				17EB3D0D231F583600F8AB30 /* Expression.swift in Sources */,
				177BCE68233B077A00CE37C0 /* Pair.swift in Sources */,
				1791C3032331CBF800425BF8 /* Sum.swift in Sources */,
			);
			runOnlyForDeploymentPostprocessing = 0;
		};
		17AFAA6D22C323E8009280AB /* Sources */ = {
			isa = PBXSourcesBuildPhase;
			buildActionMask = 2147483647;
			files = (
				17AFAA7622C323E8009280AB /* TDD_SwiftTests.swift in Sources */,
			);
			runOnlyForDeploymentPostprocessing = 0;
		};
		17AFAA7822C323E8009280AB /* Sources */ = {
			isa = PBXSourcesBuildPhase;
			buildActionMask = 2147483647;
			files = (
				17AFAA8122C323E8009280AB /* TDD_SwiftUITests.swift in Sources */,
			);
			runOnlyForDeploymentPostprocessing = 0;
		};
/* End PBXSourcesBuildPhase section */

/* Begin PBXTargetDependency section */
		17AFAA7322C323E8009280AB /* PBXTargetDependency */ = {
			isa = PBXTargetDependency;
			target = 17AFAA5C22C323E7009280AB /* TDD-Swift */;
			targetProxy = 17AFAA7222C323E8009280AB /* PBXContainerItemProxy */;
		};
		17AFAA7E22C323E8009280AB /* PBXTargetDependency */ = {
			isa = PBXTargetDependency;
			target = 17AFAA5C22C323E7009280AB /* TDD-Swift */;
			targetProxy = 17AFAA7D22C323E8009280AB /* PBXContainerItemProxy */;
		};
/* End PBXTargetDependency section */

/* Begin PBXVariantGroup section */
		17AFAA6422C323E7009280AB /* Main.storyboard */ = {
			isa = PBXVariantGroup;
			children = (
				17AFAA6522C323E7009280AB /* Base */,
			);
			name = Main.storyboard;
			sourceTree = "<group>";
		};
		17AFAA6922C323E8009280AB /* LaunchScreen.storyboard */ = {
			isa = PBXVariantGroup;
			children = (
				17AFAA6A22C323E8009280AB /* Base */,
			);
			name = LaunchScreen.storyboard;
			sourceTree = "<group>";
		};
/* End PBXVariantGroup section */

/* Begin XCBuildConfiguration section */
		17AFAA8322C323E8009280AB /* Debug */ = {
			isa = XCBuildConfiguration;
			buildSettings = {
				ALWAYS_SEARCH_USER_PATHS = NO;
				CLANG_ANALYZER_NONNULL = YES;
				CLANG_ANALYZER_NUMBER_OBJECT_CONVERSION = YES_AGGRESSIVE;
				CLANG_CXX_LANGUAGE_STANDARD = "gnu++14";
				CLANG_CXX_LIBRARY = "libc++";
				CLANG_ENABLE_MODULES = YES;
				CLANG_ENABLE_OBJC_ARC = YES;
				CLANG_ENABLE_OBJC_WEAK = YES;
				CLANG_WARN_BLOCK_CAPTURE_AUTORELEASING = YES;
				CLANG_WARN_BOOL_CONVERSION = YES;
				CLANG_WARN_COMMA = YES;
				CLANG_WARN_CONSTANT_CONVERSION = YES;
				CLANG_WARN_DEPRECATED_OBJC_IMPLEMENTATIONS = YES;
				CLANG_WARN_DIRECT_OBJC_ISA_USAGE = YES_ERROR;
				CLANG_WARN_DOCUMENTATION_COMMENTS = YES;
				CLANG_WARN_EMPTY_BODY = YES;
				CLANG_WARN_ENUM_CONVERSION = YES;
				CLANG_WARN_INFINITE_RECURSION = YES;
				CLANG_WARN_INT_CONVERSION = YES;
				CLANG_WARN_NON_LITERAL_NULL_CONVERSION = YES;
				CLANG_WARN_OBJC_IMPLICIT_RETAIN_SELF = YES;
				CLANG_WARN_OBJC_LITERAL_CONVERSION = YES;
				CLANG_WARN_OBJC_ROOT_CLASS = YES_ERROR;
				CLANG_WARN_RANGE_LOOP_ANALYSIS = YES;
				CLANG_WARN_STRICT_PROTOTYPES = YES;
				CLANG_WARN_SUSPICIOUS_MOVE = YES;
				CLANG_WARN_UNGUARDED_AVAILABILITY = YES_AGGRESSIVE;
				CLANG_WARN_UNREACHABLE_CODE = YES;
				CLANG_WARN__DUPLICATE_METHOD_MATCH = YES;
				CODE_SIGN_IDENTITY = "iPhone Developer";
				COPY_PHASE_STRIP = NO;
				DEBUG_INFORMATION_FORMAT = dwarf;
				ENABLE_STRICT_OBJC_MSGSEND = YES;
				ENABLE_TESTABILITY = YES;
				GCC_C_LANGUAGE_STANDARD = gnu11;
				GCC_DYNAMIC_NO_PIC = NO;
				GCC_NO_COMMON_BLOCKS = YES;
				GCC_OPTIMIZATION_LEVEL = 0;
				GCC_PREPROCESSOR_DEFINITIONS = (
					"DEBUG=1",
					"$(inherited)",
				);
				GCC_WARN_64_TO_32_BIT_CONVERSION = YES;
				GCC_WARN_ABOUT_RETURN_TYPE = YES_ERROR;
				GCC_WARN_UNDECLARED_SELECTOR = YES;
				GCC_WARN_UNINITIALIZED_AUTOS = YES_AGGRESSIVE;
				GCC_WARN_UNUSED_FUNCTION = YES;
				GCC_WARN_UNUSED_VARIABLE = YES;
				IPHONEOS_DEPLOYMENT_TARGET = 12.2;
				MTL_ENABLE_DEBUG_INFO = INCLUDE_SOURCE;
				MTL_FAST_MATH = YES;
				ONLY_ACTIVE_ARCH = YES;
				SDKROOT = iphoneos;
				SWIFT_ACTIVE_COMPILATION_CONDITIONS = DEBUG;
				SWIFT_OPTIMIZATION_LEVEL = "-Onone";
			};
			name = Debug;
		};
		17AFAA8422C323E8009280AB /* Release */ = {
			isa = XCBuildConfiguration;
			buildSettings = {
				ALWAYS_SEARCH_USER_PATHS = NO;
				CLANG_ANALYZER_NONNULL = YES;
				CLANG_ANALYZER_NUMBER_OBJECT_CONVERSION = YES_AGGRESSIVE;
				CLANG_CXX_LANGUAGE_STANDARD = "gnu++14";
				CLANG_CXX_LIBRARY = "libc++";
				CLANG_ENABLE_MODULES = YES;
				CLANG_ENABLE_OBJC_ARC = YES;
				CLANG_ENABLE_OBJC_WEAK = YES;
				CLANG_WARN_BLOCK_CAPTURE_AUTORELEASING = YES;
				CLANG_WARN_BOOL_CONVERSION = YES;
				CLANG_WARN_COMMA = YES;
				CLANG_WARN_CONSTANT_CONVERSION = YES;
				CLANG_WARN_DEPRECATED_OBJC_IMPLEMENTATIONS = YES;
				CLANG_WARN_DIRECT_OBJC_ISA_USAGE = YES_ERROR;
				CLANG_WARN_DOCUMENTATION_COMMENTS = YES;
				CLANG_WARN_EMPTY_BODY = YES;
				CLANG_WARN_ENUM_CONVERSION = YES;
				CLANG_WARN_INFINITE_RECURSION = YES;
				CLANG_WARN_INT_CONVERSION = YES;
				CLANG_WARN_NON_LITERAL_NULL_CONVERSION = YES;
				CLANG_WARN_OBJC_IMPLICIT_RETAIN_SELF = YES;
				CLANG_WARN_OBJC_LITERAL_CONVERSION = YES;
				CLANG_WARN_OBJC_ROOT_CLASS = YES_ERROR;
				CLANG_WARN_RANGE_LOOP_ANALYSIS = YES;
				CLANG_WARN_STRICT_PROTOTYPES = YES;
				CLANG_WARN_SUSPICIOUS_MOVE = YES;
				CLANG_WARN_UNGUARDED_AVAILABILITY = YES_AGGRESSIVE;
				CLANG_WARN_UNREACHABLE_CODE = YES;
				CLANG_WARN__DUPLICATE_METHOD_MATCH = YES;
				CODE_SIGN_IDENTITY = "iPhone Developer";
				COPY_PHASE_STRIP = NO;
				DEBUG_INFORMATION_FORMAT = "dwarf-with-dsym";
				ENABLE_NS_ASSERTIONS = NO;
				ENABLE_STRICT_OBJC_MSGSEND = YES;
				GCC_C_LANGUAGE_STANDARD = gnu11;
				GCC_NO_COMMON_BLOCKS = YES;
				GCC_WARN_64_TO_32_BIT_CONVERSION = YES;
				GCC_WARN_ABOUT_RETURN_TYPE = YES_ERROR;
				GCC_WARN_UNDECLARED_SELECTOR = YES;
				GCC_WARN_UNINITIALIZED_AUTOS = YES_AGGRESSIVE;
				GCC_WARN_UNUSED_FUNCTION = YES;
				GCC_WARN_UNUSED_VARIABLE = YES;
				IPHONEOS_DEPLOYMENT_TARGET = 12.2;
				MTL_ENABLE_DEBUG_INFO = NO;
				MTL_FAST_MATH = YES;
				SDKROOT = iphoneos;
				SWIFT_COMPILATION_MODE = wholemodule;
				SWIFT_OPTIMIZATION_LEVEL = "-O";
				VALIDATE_PRODUCT = YES;
			};
			name = Release;
		};
		17AFAA8622C323E8009280AB /* Debug */ = {
			isa = XCBuildConfiguration;
			buildSettings = {
				ASSETCATALOG_COMPILER_APPICON_NAME = AppIcon;
				CODE_SIGN_STYLE = Automatic;
				INFOPLIST_FILE = "TDD-Swift/Info.plist";
				LD_RUNPATH_SEARCH_PATHS = (
					"$(inherited)",
					"@executable_path/Frameworks",
				);
				PRODUCT_BUNDLE_IDENTIFIER = "com.swiswiswift.TDD-Swift";
				PRODUCT_NAME = "$(TARGET_NAME)";
				SWIFT_VERSION = 5.0;
				TARGETED_DEVICE_FAMILY = "1,2";
			};
			name = Debug;
		};
		17AFAA8722C323E8009280AB /* Release */ = {
			isa = XCBuildConfiguration;
			buildSettings = {
				ASSETCATALOG_COMPILER_APPICON_NAME = AppIcon;
				CODE_SIGN_STYLE = Automatic;
				INFOPLIST_FILE = "TDD-Swift/Info.plist";
				LD_RUNPATH_SEARCH_PATHS = (
					"$(inherited)",
					"@executable_path/Frameworks",
				);
				PRODUCT_BUNDLE_IDENTIFIER = "com.swiswiswift.TDD-Swift";
				PRODUCT_NAME = "$(TARGET_NAME)";
				SWIFT_VERSION = 5.0;
				TARGETED_DEVICE_FAMILY = "1,2";
			};
			name = Release;
		};
		17AFAA8922C323E8009280AB /* Debug */ = {
			isa = XCBuildConfiguration;
			buildSettings = {
				ALWAYS_EMBED_SWIFT_STANDARD_LIBRARIES = YES;
				BUNDLE_LOADER = "$(TEST_HOST)";
				CODE_SIGN_STYLE = Automatic;
				INFOPLIST_FILE = "TDD-SwiftTests/Info.plist";
				LD_RUNPATH_SEARCH_PATHS = (
					"$(inherited)",
					"@executable_path/Frameworks",
					"@loader_path/Frameworks",
				);
				PRODUCT_BUNDLE_IDENTIFIER = "com.swiswiswift.TDD-SwiftTests";
				PRODUCT_NAME = "$(TARGET_NAME)";
				SWIFT_VERSION = 5.0;
				TARGETED_DEVICE_FAMILY = "1,2";
				TEST_HOST = "$(BUILT_PRODUCTS_DIR)/TDD-Swift.app/TDD-Swift";
			};
			name = Debug;
		};
		17AFAA8A22C323E8009280AB /* Release */ = {
			isa = XCBuildConfiguration;
			buildSettings = {
				ALWAYS_EMBED_SWIFT_STANDARD_LIBRARIES = YES;
				BUNDLE_LOADER = "$(TEST_HOST)";
				CODE_SIGN_STYLE = Automatic;
				INFOPLIST_FILE = "TDD-SwiftTests/Info.plist";
				LD_RUNPATH_SEARCH_PATHS = (
					"$(inherited)",
					"@executable_path/Frameworks",
					"@loader_path/Frameworks",
				);
				PRODUCT_BUNDLE_IDENTIFIER = "com.swiswiswift.TDD-SwiftTests";
				PRODUCT_NAME = "$(TARGET_NAME)";
				SWIFT_VERSION = 5.0;
				TARGETED_DEVICE_FAMILY = "1,2";
				TEST_HOST = "$(BUILT_PRODUCTS_DIR)/TDD-Swift.app/TDD-Swift";
			};
			name = Release;
		};
		17AFAA8C22C323E8009280AB /* Debug */ = {
			isa = XCBuildConfiguration;
			buildSettings = {
				ALWAYS_EMBED_SWIFT_STANDARD_LIBRARIES = YES;
				CODE_SIGN_STYLE = Automatic;
				INFOPLIST_FILE = "TDD-SwiftUITests/Info.plist";
				LD_RUNPATH_SEARCH_PATHS = (
					"$(inherited)",
					"@executable_path/Frameworks",
					"@loader_path/Frameworks",
				);
				PRODUCT_BUNDLE_IDENTIFIER = "com.swiswiswift.TDD-SwiftUITests";
				PRODUCT_NAME = "$(TARGET_NAME)";
				SWIFT_VERSION = 5.0;
				TARGETED_DEVICE_FAMILY = "1,2";
				TEST_TARGET_NAME = "TDD-Swift";
			};
			name = Debug;
		};
		17AFAA8D22C323E8009280AB /* Release */ = {
			isa = XCBuildConfiguration;
			buildSettings = {
				ALWAYS_EMBED_SWIFT_STANDARD_LIBRARIES = YES;
				CODE_SIGN_STYLE = Automatic;
				INFOPLIST_FILE = "TDD-SwiftUITests/Info.plist";
				LD_RUNPATH_SEARCH_PATHS = (
					"$(inherited)",
					"@executable_path/Frameworks",
					"@loader_path/Frameworks",
				);
				PRODUCT_BUNDLE_IDENTIFIER = "com.swiswiswift.TDD-SwiftUITests";
				PRODUCT_NAME = "$(TARGET_NAME)";
				SWIFT_VERSION = 5.0;
				TARGETED_DEVICE_FAMILY = "1,2";
				TEST_TARGET_NAME = "TDD-Swift";
			};
			name = Release;
		};
/* End XCBuildConfiguration section */

/* Begin XCConfigurationList section */
		17AFAA5822C323E7009280AB /* Build configuration list for PBXProject "TDD-Swift" */ = {
			isa = XCConfigurationList;
			buildConfigurations = (
				17AFAA8322C323E8009280AB /* Debug */,
				17AFAA8422C323E8009280AB /* Release */,
			);
			defaultConfigurationIsVisible = 0;
			defaultConfigurationName = Release;
		};
		17AFAA8522C323E8009280AB /* Build configuration list for PBXNativeTarget "TDD-Swift" */ = {
			isa = XCConfigurationList;
			buildConfigurations = (
				17AFAA8622C323E8009280AB /* Debug */,
				17AFAA8722C323E8009280AB /* Release */,
			);
			defaultConfigurationIsVisible = 0;
			defaultConfigurationName = Release;
		};
		17AFAA8822C323E8009280AB /* Build configuration list for PBXNativeTarget "TDD-SwiftTests" */ = {
			isa = XCConfigurationList;
			buildConfigurations = (
				17AFAA8922C323E8009280AB /* Debug */,
				17AFAA8A22C323E8009280AB /* Release */,
			);
			defaultConfigurationIsVisible = 0;
			defaultConfigurationName = Release;
		};
		17AFAA8B22C323E8009280AB /* Build configuration list for PBXNativeTarget "TDD-SwiftUITests" */ = {
			isa = XCConfigurationList;
			buildConfigurations = (
				17AFAA8C22C323E8009280AB /* Debug */,
				17AFAA8D22C323E8009280AB /* Release */,
			);
			defaultConfigurationIsVisible = 0;
			defaultConfigurationName = Release;
		};
/* End XCConfigurationList section */
	};
	rootObject = 17AFAA5522C323E7009280AB /* Project object */;
}
